
Microsoft Visual Studio Solution File, Format Version 12.00
# Visual Studio Version 16
VisualStudioVersion = 16.0.29215.179
MinimumVisualStudioVersion = 10.0.40219.1
Project("{8BC9CEB8-8B4A-11D0-8D11-00A0C91BC942}") = "lab1", "lab1\lab1.vcxproj", "{5B4EE5BD-1516-492B-ACDF-65C926D49E3B}"
EndProject
Project("{8BC9CEB8-8B4A-11D0-8D11-00A0C91BC942}") = "lab2", "lab2\lab2.vcxproj", "{D08D8086-98C6-4065-8F03-7E429F78D41F}"
EndProject
Project("{8BC9CEB8-8B4A-11D0-8D11-00A0C91BC942}") = "lab3", "lab3\lab3.vcxproj", "{18A27FB7-AE1D-4F8E-8D1C-1B41F1C89ADF}"
EndProject
Global
	GlobalSection(SolutionConfigurationPlatforms) = preSolution
		Debug|x64 = Debug|x64
		Debug|x86 = Debug|x86
		Release|x64 = Release|x64
		Release|x86 = Release|x86
	EndGlobalSection
	GlobalSection(ProjectConfigurationPlatforms) = postSolution
		{5B4EE5BD-1516-492B-ACDF-65C926D49E3B}.Debug|x64.ActiveCfg = Debug|x64
		{5B4EE5BD-1516-492B-ACDF-65C926D49E3B}.Debug|x64.Build.0 = Debug|x64
		{5B4EE5BD-1516-492B-ACDF-65C926D49E3B}.Debug|x86.ActiveCfg = Debug|Win32
		{5B4EE5BD-1516-492B-ACDF-65C926D49E3B}.Debug|x86.Build.0 = Debug|Win32
		{5B4EE5BD-1516-492B-ACDF-65C926D49E3B}.Release|x64.ActiveCfg = Release|x64
		{5B4EE5BD-1516-492B-ACDF-65C926D49E3B}.Release|x64.Build.0 = Release|x64
		{5B4EE5BD-1516-492B-ACDF-65C926D49E3B}.Release|x86.ActiveCfg = Release|Win32
		{5B4EE5BD-1516-492B-ACDF-65C926D49E3B}.Release|x86.Build.0 = Release|Win32
		{D08D8086-98C6-4065-8F03-7E429F78D41F}.Debug|x64.ActiveCfg = Debug|x64
		{D08D8086-98C6-4065-8F03-7E429F78D41F}.Debug|x64.Build.0 = Debug|x64
		{D08D8086-98C6-4065-8F03-7E429F78D41F}.Debug|x86.ActiveCfg = Debug|Win32
		{D08D8086-98C6-4065-8F03-7E429F78D41F}.Debug|x86.Build.0 = Debug|Win32
		{D08D8086-98C6-4065-8F03-7E429F78D41F}.Release|x64.ActiveCfg = Release|x64
		{D08D8086-98C6-4065-8F03-7E429F78D41F}.Release|x64.Build.0 = Release|x64
		{D08D8086-98C6-4065-8F03-7E429F78D41F}.Release|x86.ActiveCfg = Release|Win32
		{D08D8086-98C6-4065-8F03-7E429F78D41F}.Release|x86.Build.0 = Release|Win32
		{18A27FB7-AE1D-4F8E-8D1C-1B41F1C89ADF}.Debug|x64.ActiveCfg = Debug|x64
		{18A27FB7-AE1D-4F8E-8D1C-1B41F1C89ADF}.Debug|x64.Build.0 = Debug|x64
		{18A27FB7-AE1D-4F8E-8D1C-1B41F1C89ADF}.Debug|x86.ActiveCfg = Debug|Win32
		{18A27FB7-AE1D-4F8E-8D1C-1B41F1C89ADF}.Debug|x86.Build.0 = Debug|Win32
		{18A27FB7-AE1D-4F8E-8D1C-1B41F1C89ADF}.Release|x64.ActiveCfg = Release|x64
		{18A27FB7-AE1D-4F8E-8D1C-1B41F1C89ADF}.Release|x64.Build.0 = Release|x64
		{18A27FB7-AE1D-4F8E-8D1C-1B41F1C89ADF}.Release|x86.ActiveCfg = Release|Win32
		{18A27FB7-AE1D-4F8E-8D1C-1B41F1C89ADF}.Release|x86.Build.0 = Release|Win32
	EndGlobalSection
	GlobalSection(SolutionProperties) = preSolution
		HideSolutionNode = FALSE
	EndGlobalSection
	GlobalSection(ExtensibilityGlobals) = postSolution
		SolutionGuid = {CF7B578E-815B-45E2-A51A-0CEE7074C46D}
	EndGlobalSection
EndGlobal
